
Microsoft Visual Studio Solution File, Format Version 12.00
# Visual Studio Version 17
VisualStudioVersion = 17.3.32901.215
MinimumVisualStudioVersion = 10.0.40219.1
Project("{FAE04EC0-301F-11D3-BF4B-00C04F79EFBC}") = "NzWAlks.api", "NzWAlks.api\NzWAlks.api.csproj", "{164FF47D-5ED4-47FF-A6A2-5A8D97C338C2}"
EndProject
Global
	GlobalSection(SolutionConfigurationPlatforms) = preSolution
		Debug|Any CPU = Debug|Any CPU
		Release|Any CPU = Release|Any CPU
	EndGlobalSection
	GlobalSection(ProjectConfigurationPlatforms) = postSolution
		{164FF47D-5ED4-47FF-A6A2-5A8D97C338C2}.Debug|Any CPU.ActiveCfg = Debug|Any CPU
		{164FF47D-5ED4-47FF-A6A2-5A8D97C338C2}.Debug|Any CPU.Build.0 = Debug|Any CPU
		{164FF47D-5ED4-47FF-A6A2-5A8D97C338C2}.Release|Any CPU.ActiveCfg = Release|Any CPU
		{164FF47D-5ED4-47FF-A6A2-5A8D97C338C2}.Release|Any CPU.Build.0 = Release|Any CPU
	EndGlobalSection
	GlobalSection(SolutionProperties) = preSolution
		HideSolutionNode = FALSE
	EndGlobalSection
	GlobalSection(ExtensibilityGlobals) = postSolution
		SolutionGuid = {142EAFA1-E82E-4CCD-A747-7FC197341A42}
	EndGlobalSection
EndGlobal
